
Microsoft Visual Studio Solution File, Format Version 12.00
# Visual Studio Version 17
VisualStudioVersion = 17.8.34309.116
MinimumVisualStudioVersion = 10.0.40219.1
Project("{8BC9CEB8-8B4A-11D0-8D11-00A0C91BC942}") = "找第一个只出现一次的字符", "找第一个只出现一次的字符\找第一个只出现一次的字符.vcxproj", "{D0696069-2360-4F4A-A361-77D7ECF2C3BF}"
EndProject
Global
	GlobalSection(SolutionConfigurationPlatforms) = preSolution
		Debug|x64 = Debug|x64
		Debug|x86 = Debug|x86
		Release|x64 = Release|x64
		Release|x86 = Release|x86
	EndGlobalSection
	GlobalSection(ProjectConfigurationPlatforms) = postSolution
		{D0696069-2360-4F4A-A361-77D7ECF2C3BF}.Debug|x64.ActiveCfg = Debug|x64
		{D0696069-2360-4F4A-A361-77D7ECF2C3BF}.Debug|x64.Build.0 = Debug|x64
		{D0696069-2360-4F4A-A361-77D7ECF2C3BF}.Debug|x86.ActiveCfg = Debug|Win32
		{D0696069-2360-4F4A-A361-77D7ECF2C3BF}.Debug|x86.Build.0 = Debug|Win32
		{D0696069-2360-4F4A-A361-77D7ECF2C3BF}.Release|x64.ActiveCfg = Release|x64
		{D0696069-2360-4F4A-A361-77D7ECF2C3BF}.Release|x64.Build.0 = Release|x64
		{D0696069-2360-4F4A-A361-77D7ECF2C3BF}.Release|x86.ActiveCfg = Release|Win32
		{D0696069-2360-4F4A-A361-77D7ECF2C3BF}.Release|x86.Build.0 = Release|Win32
	EndGlobalSection
	GlobalSection(SolutionProperties) = preSolution
		HideSolutionNode = FALSE
	EndGlobalSection
	GlobalSection(ExtensibilityGlobals) = postSolution
		SolutionGuid = {F9143D73-2D90-4CC4-AEFB-E531D473DD17}
	EndGlobalSection
EndGlobal
